
Microsoft Visual Studio Solution File, Format Version 12.00
# Visual Studio 15
VisualStudioVersion = 15.0.28307.271
MinimumVisualStudioVersion = 10.0.40219.1
Project("{FAE04EC0-301F-11D3-BF4B-00C04F79EFBC}") = "planCompare", "planCompare.csproj", "{89D9522C-EA2F-464D-BA4D-9D42496DAF8E}"
EndProject
Global
	GlobalSection(SolutionConfigurationPlatforms) = preSolution
		Debug|x64 = Debug|x64
		Release|x64 = Release|x64
	EndGlobalSection
	GlobalSection(ProjectConfigurationPlatforms) = postSolution
		{89D9522C-EA2F-464D-BA4D-9D42496DAF8E}.Debug|x64.ActiveCfg = Debug|x64
		{89D9522C-EA2F-464D-BA4D-9D42496DAF8E}.Debug|x64.Build.0 = Debug|x64
		{89D9522C-EA2F-464D-BA4D-9D42496DAF8E}.Release|x64.ActiveCfg = Release|x64
		{89D9522C-EA2F-464D-BA4D-9D42496DAF8E}.Release|x64.Build.0 = Release|x64
	EndGlobalSection
	GlobalSection(SolutionProperties) = preSolution
		HideSolutionNode = FALSE
	EndGlobalSection
	GlobalSection(ExtensibilityGlobals) = postSolution
		SolutionGuid = {9C5209EC-EAE1-46E4-B13C-378B35CAA7D9}
	EndGlobalSection
EndGlobal
